
Microsoft Visual Studio Solution File, Format Version 12.00
# Visual Studio Version 17
VisualStudioVersion = 17.11.35312.102
MinimumVisualStudioVersion = 10.0.40219.1
Project("{FAE04EC0-301F-11D3-BF4B-00C04F79EFBC}") = "lab9", "lab9.csproj", "{1B2B516A-D771-42D9-AE79-CBE7F8FE42BB}"
EndProject
Project("{FAE04EC0-301F-11D3-BF4B-00C04F79EFBC}") = "PolynomTests", "..\PolynomTests\PolynomTests.csproj", "{82A6DBCF-172D-421C-870D-AB3A1A84C768}"
EndProject
Global
	GlobalSection(SolutionConfigurationPlatforms) = preSolution
		Debug|Any CPU = Debug|Any CPU
		Release|Any CPU = Release|Any CPU
	EndGlobalSection
	GlobalSection(ProjectConfigurationPlatforms) = postSolution
		{1B2B516A-D771-42D9-AE79-CBE7F8FE42BB}.Debug|Any CPU.ActiveCfg = Debug|Any CPU
		{1B2B516A-D771-42D9-AE79-CBE7F8FE42BB}.Debug|Any CPU.Build.0 = Debug|Any CPU
		{1B2B516A-D771-42D9-AE79-CBE7F8FE42BB}.Release|Any CPU.ActiveCfg = Release|Any CPU
		{1B2B516A-D771-42D9-AE79-CBE7F8FE42BB}.Release|Any CPU.Build.0 = Release|Any CPU
		{82A6DBCF-172D-421C-870D-AB3A1A84C768}.Debug|Any CPU.ActiveCfg = Debug|Any CPU
		{82A6DBCF-172D-421C-870D-AB3A1A84C768}.Debug|Any CPU.Build.0 = Debug|Any CPU
		{82A6DBCF-172D-421C-870D-AB3A1A84C768}.Release|Any CPU.ActiveCfg = Release|Any CPU
		{82A6DBCF-172D-421C-870D-AB3A1A84C768}.Release|Any CPU.Build.0 = Release|Any CPU
	EndGlobalSection
	GlobalSection(SolutionProperties) = preSolution
		HideSolutionNode = FALSE
	EndGlobalSection
	GlobalSection(ExtensibilityGlobals) = postSolution
		SolutionGuid = {0C8988B8-0505-4FAE-B3CD-6FD8D2CD8696}
	EndGlobalSection
EndGlobal
