
Microsoft Visual Studio Solution File, Format Version 12.00
# Visual Studio Version 17
VisualStudioVersion = 17.11.35312.102
MinimumVisualStudioVersion = 10.0.40219.1
Project("{FAE04EC0-301F-11D3-BF4B-00C04F79EFBC}") = "lab7", "lab7.csproj", "{ADA9792C-1DBA-4AEC-B2FF-FA371B920E38}"
EndProject
Project("{FAE04EC0-301F-11D3-BF4B-00C04F79EFBC}") = "MemoryTests", "..\MemoryTests\MemoryTests.csproj", "{7867233D-96A0-40A6-BE75-9EF800888BDF}"
EndProject
Global
	GlobalSection(SolutionConfigurationPlatforms) = preSolution
		Debug|Any CPU = Debug|Any CPU
		Release|Any CPU = Release|Any CPU
	EndGlobalSection
	GlobalSection(ProjectConfigurationPlatforms) = postSolution
		{ADA9792C-1DBA-4AEC-B2FF-FA371B920E38}.Debug|Any CPU.ActiveCfg = Debug|Any CPU
		{ADA9792C-1DBA-4AEC-B2FF-FA371B920E38}.Debug|Any CPU.Build.0 = Debug|Any CPU
		{ADA9792C-1DBA-4AEC-B2FF-FA371B920E38}.Release|Any CPU.ActiveCfg = Release|Any CPU
		{ADA9792C-1DBA-4AEC-B2FF-FA371B920E38}.Release|Any CPU.Build.0 = Release|Any CPU
		{7867233D-96A0-40A6-BE75-9EF800888BDF}.Debug|Any CPU.ActiveCfg = Debug|Any CPU
		{7867233D-96A0-40A6-BE75-9EF800888BDF}.Debug|Any CPU.Build.0 = Debug|Any CPU
		{7867233D-96A0-40A6-BE75-9EF800888BDF}.Release|Any CPU.ActiveCfg = Release|Any CPU
		{7867233D-96A0-40A6-BE75-9EF800888BDF}.Release|Any CPU.Build.0 = Release|Any CPU
	EndGlobalSection
	GlobalSection(SolutionProperties) = preSolution
		HideSolutionNode = FALSE
	EndGlobalSection
	GlobalSection(ExtensibilityGlobals) = postSolution
		SolutionGuid = {0BC9C161-2824-4C15-A144-5F7EFCD12843}
	EndGlobalSection
EndGlobal
